
Microsoft Visual Studio Solution File, Format Version 11.00
# Visual Studio 2010
Project("{FAE04EC0-301F-11D3-BF4B-00C04F79EFBC}") = "OpenEEG", "OpenEEG\OpenEEG.csproj", "{B7116A52-33CE-44EF-B1EB-9D327B734BBB}"
EndProject
Project("{54435603-DBB4-11D2-8724-00A0C9A8B90C}") = "LucidScribe.OpenEEG", "Installer\Lucid Scribe OpenEEG.vdproj", "{EA1D9E78-7A71-45BF-83F8-10D66E5AC9CA}"
EndProject
Global
	GlobalSection(SolutionConfigurationPlatforms) = preSolution
		Debug|Any CPU = Debug|Any CPU
		Release|Any CPU = Release|Any CPU
	EndGlobalSection
	GlobalSection(ProjectConfigurationPlatforms) = postSolution
		{B7116A52-33CE-44EF-B1EB-9D327B734BBB}.Debug|Any CPU.ActiveCfg = Debug|Any CPU
		{B7116A52-33CE-44EF-B1EB-9D327B734BBB}.Debug|Any CPU.Build.0 = Debug|Any CPU
		{B7116A52-33CE-44EF-B1EB-9D327B734BBB}.Release|Any CPU.ActiveCfg = Release|Any CPU
		{B7116A52-33CE-44EF-B1EB-9D327B734BBB}.Release|Any CPU.Build.0 = Release|Any CPU
		{EA1D9E78-7A71-45BF-83F8-10D66E5AC9CA}.Debug|Any CPU.ActiveCfg = Debug
		{EA1D9E78-7A71-45BF-83F8-10D66E5AC9CA}.Debug|Any CPU.Build.0 = Debug
		{EA1D9E78-7A71-45BF-83F8-10D66E5AC9CA}.Release|Any CPU.ActiveCfg = Release
		{EA1D9E78-7A71-45BF-83F8-10D66E5AC9CA}.Release|Any CPU.Build.0 = Release
	EndGlobalSection
	GlobalSection(SolutionProperties) = preSolution
		HideSolutionNode = FALSE
	EndGlobalSection
EndGlobal
